#
# This file is autogenerated by pip-compile with Python 3.11
# by the following command:
#
#    pip-compile --resolver=backtracking --strip-extras --extra audio-highres --extra vision --extra render tabvision/pyproject.toml
#
# Install this complete, exact-pinned closure with --no-deps. The two upstream
# source distributions retain VCS dependency URLs in their package metadata;
# resolving those transitive declarations would reintroduce a Git requirement.
# Their runtime dependencies are enumerated below. Changing any direct URL or
# hash remains a desktop-shell rebuild trigger.
absl-py==2.5.0
    # via mediapipe
annotated-doc==0.0.4
    # via typer
anyio==4.14.2
    # via httpx
attrs==26.1.0
    # via pyguitarpro
audioread==3.1.0
    # via librosa
certifi==2026.7.22
    # via
    #   httpcore
    #   httpx
    #   mediapipe
    #   requests
    #   roboflow
cffi==2.1.0
    # via
    #   sounddevice
    #   soundfile
chardet==7.4.3
    # via music21
charset-normalizer==3.4.9
    # via requests
click==8.4.2
    # via
    #   huggingface-hub
    #   roboflow
    #   typer
colorama==0.4.6
    # via
    #   click
    #   tqdm
contourpy==1.3.3
    # via matplotlib
cycler==0.12.1
    # via
    #   matplotlib
    #   roboflow
decorator==5.3.1
    # via librosa
filelock==3.32.0
    # via
    #   huggingface-hub
    #   torch
    #   ultralytics
filetype==1.2.0
    # via roboflow
flatbuffers==25.12.19
    # via mediapipe
fonttools==4.63.0
    # via matplotlib
fsspec==2026.6.0
    # via
    #   huggingface-hub
    #   torch
h11==0.16.0
    # via httpcore
hf-midi-transcription @ https://codeload.github.com/xavriley/hf_midi_transcription/tar.gz/96f6797881e9497cbfc8f8e5deccea9c1f2f7adc#sha256=aecb418507f90da1dc3759358cae026668c124786a5569ccb4b58040111fda89
    # via tabvision (tabvision/pyproject.toml)
hf-xet==1.5.2
    # via huggingface-hub
httpcore==1.0.9
    # via httpx
httpx==0.28.1
    # via huggingface-hub
huggingface-hub==1.24.0
    # via
    #   hf-midi-transcription
    #   tabvision (tabvision/pyproject.toml)
idna==3.18
    # via
    #   anyio
    #   httpx
    #   requests
    #   roboflow
importlib-resources==7.1.0
    # via pretty-midi
jinja2==3.1.6
    # via torch
joblib==1.5.3
    # via
    #   librosa
    #   music21
    #   scikit-learn
jsonpickle==4.1.2
    # via music21
kiwisolver==1.5.0
    # via
    #   matplotlib
    #   roboflow
lazy-loader==0.5
    # via librosa
librosa==0.11.0
    # via
    #   hf-midi-transcription
    #   piano-transcription-inference
    #   torchlibrosa
llvmlite==0.48.0
    # via numba
markdown-it-py==4.2.0
    # via rich
markupsafe==3.0.3
    # via jinja2
matplotlib==3.11.1
    # via
    #   mediapipe
    #   music21
    #   piano-transcription-inference
    #   roboflow
    #   ultralytics
mdurl==0.1.2
    # via markdown-it-py
mediapipe==0.10.35
    # via tabvision (tabvision/pyproject.toml)
mido==1.3.3
    # via
    #   piano-transcription-inference
    #   pretty-midi
    #   tabvision (tabvision/pyproject.toml)
more-itertools==11.1.0
    # via music21
mpmath==1.3.0
    # via sympy
msgpack==1.2.1
    # via librosa
music21==10.5.0
    # via tabvision (tabvision/pyproject.toml)
narwhals==2.24.0
    # via scikit-learn
networkx==3.6.1
    # via torch
numba==0.66.0
    # via
    #   librosa
    #   resampy
numpy==2.4.6
    # via
    #   contourpy
    #   hf-midi-transcription
    #   librosa
    #   matplotlib
    #   mediapipe
    #   music21
    #   numba
    #   opencv-contrib-python
    #   opencv-python
    #   opencv-python-headless
    #   pretty-midi
    #   resampy
    #   roboflow
    #   scikit-learn
    #   scipy
    #   soundfile
    #   soxr
    #   tabvision (tabvision/pyproject.toml)
    #   torchlibrosa
    #   torchvision
    #   ultralytics
    #   ultralytics-thop
nvidia-ml-py==13.610.43
    # via ultralytics
opencv-contrib-python==5.0.0.93
    # via mediapipe
opencv-python==5.0.0.93
    # via
    #   tabvision (tabvision/pyproject.toml)
    #   ultralytics
opencv-python-headless==4.10.0.84
    # via roboflow
packaging==26.2
    # via
    #   huggingface-hub
    #   lazy-loader
    #   matplotlib
    #   mido
    #   pooch
pi-heif==1.4.0
    # via roboflow
piano-transcription-inference @ https://codeload.github.com/xavriley/piano_transcription_inference/tar.gz/7568dc7f78b625e40cf9776e2806d164006610e3#sha256=f6ac16e27d0d9c59c16e22d49446fb2f017a165aca66e99307d0ab670aef1aaf
    # via hf-midi-transcription
pillow==12.3.0
    # via
    #   matplotlib
    #   pi-heif
    #   roboflow
    #   torchvision
    #   ultralytics
pillow-avif-plugin==1.5.5
    # via roboflow
platformdirs==4.11.0
    # via pooch
polars==1.43.0
    # via ultralytics
polars-runtime-32==1.43.0
    # via polars
pooch==1.9.0
    # via librosa
pretty-midi==0.2.11
    # via tabvision (tabvision/pyproject.toml)
psutil==7.2.2
    # via ultralytics
pycparser==3.0
    # via cffi
pygments==2.20.0
    # via rich
pyguitarpro==0.11
    # via tabvision (tabvision/pyproject.toml)
pyparsing==3.3.2
    # via matplotlib
python-dateutil==2.9.0.post0
    # via
    #   matplotlib
    #   roboflow
python-dotenv==1.2.2
    # via
    #   roboflow
    #   tabvision (tabvision/pyproject.toml)
pyyaml==6.0.3
    # via
    #   huggingface-hub
    #   roboflow
    #   ultralytics
requests==2.34.2
    # via
    #   music21
    #   pooch
    #   requests-toolbelt
    #   roboflow
    #   ultralytics
requests-toolbelt==1.0.0
    # via roboflow
resampy==0.4.3
    # via piano-transcription-inference
rich==15.0.0
    # via typer
roboflow==1.3.13
    # via tabvision (tabvision/pyproject.toml)
safetensors==0.8.0
    # via
    #   hf-midi-transcription
    #   tabvision (tabvision/pyproject.toml)
scikit-learn==1.9.0
    # via librosa
scipy==1.17.1
    # via
    #   librosa
    #   scikit-learn
shellingham==1.5.4
    # via typer
six==1.17.0
    # via
    #   pretty-midi
    #   python-dateutil
    #   roboflow
sounddevice==0.5.5
    # via mediapipe
soundfile==0.14.0
    # via librosa
soxr==1.1.0
    # via librosa
sympy==1.14.0
    # via torch
./wheels/tabvision-1.0.1-py3-none-any.whl \
    --hash=sha256:4596e406ac5a6c0620a7ee89a2cad87e627d8d08d31a24177f612ea981edcea4
    # app-bundled desktop sidecar wheel built from tracked tree d300090
threadpoolctl==3.6.0
    # via scikit-learn
torch==2.13.0
    # via
    #   hf-midi-transcription
    #   piano-transcription-inference
    #   tabvision (tabvision/pyproject.toml)
    #   torchvision
    #   ultralytics
    #   ultralytics-thop
torchlibrosa==0.1.0
    # via piano-transcription-inference
torchvision==0.28.0
    # via ultralytics
tqdm==4.69.0
    # via
    #   huggingface-hub
    #   roboflow
typer==0.25.1
    # via roboflow
typing-extensions==4.16.0
    # via
    #   anyio
    #   huggingface-hub
    #   librosa
    #   soundfile
    #   torch
ultralytics==8.4.104
    # via tabvision (tabvision/pyproject.toml)
ultralytics-thop==2.0.20
    # via ultralytics
urllib3==2.7.0
    # via
    #   requests
    #   roboflow
webcolors==25.10.0
    # via music21

setuptools==83.0.0
    # via torch
